<?xml version="1.0" encoding="utf-8"?>
<Project ToolsVersion="4.0" xmlns="http://schemas.microsoft.com/developer/msbuild/2003">
  <ItemGroup>
    <Filter Include="Source Files">
      <UniqueIdentifier>{4FC737F1-C7A5-4376-A066-2A32D752A2FF}</UniqueIdentifier>
      <Extensions>cpp;c;cc;cxx;c++;cppm;ixx;def;odl;idl;hpj;bat;asm;asmx</Extensions>
    </Filter>
    <Filter Include="Header Files">
      <UniqueIdentifier>{93995380-89BD-4b04-88EB-625FBE52EBFB}</UniqueIdentifier>
      <Extensions>h;hh;hpp;hxx;h++;hm;inl;inc;ipp;xsd</Extensions>
    </Filter>
    <Filter Include="Resource Files">
      <UniqueIdentifier>{67DA6AB6-F800-4c08-8B7A-83BB121AAD01}</UniqueIdentifier>
      <Extensions>rc;ico;cur;bmp;dlg;rc2;rct;bin;rgs;gif;jpg;jpeg;jpe;resx;tiff;tif;png;wav;mfcribbon-ms</Extensions>
    </Filter>
  </ItemGroup>
  <ItemGroup>
    <ClInclude Include="Pacman-Clone-master\Src\Tile.h">
      <Filter>Header Files</Filter>
    </ClInclude>
    <ClInclude Include="Pacman-Clone-master\Src\Animation\Animation.h">
      <Filter>Header Files</Filter>
    </ClInclude>
    <ClInclude Include="Pacman-Clone-master\Src\Animation\Animator.h">
      <Filter>Header Files</Filter>
    </ClInclude>
    <ClInclude Include="Pacman-Clone-master\Src\Audio\AudioAssets.h">
      <Filter>Header Files</Filter>
    </ClInclude>
    <ClInclude Include="Pacman-Clone-master\Src\Audio\AudioManager.h">
      <Filter>Header Files</Filter>
    </ClInclude>
    <ClInclude Include="Pacman-Clone-master\Src\Debugger\Debug.h">
      <Filter>Header Files</Filter>
    </ClInclude>
    <ClInclude Include="Pacman-Clone-master\Src\Entity\Enemy\Blinky.h">
      <Filter>Header Files</Filter>
    </ClInclude>
    <ClInclude Include="Pacman-Clone-master\Src\Entity\Enemy\Clyde.h">
      <Filter>Header Files</Filter>
    </ClInclude>
    <ClInclude Include="Pacman-Clone-master\Src\Entity\Enemy\Enemy.h">
      <Filter>Header Files</Filter>
    </ClInclude>
    <ClInclude Include="Pacman-Clone-master\Src\Entity\Enemy\Inky.h">
      <Filter>Header Files</Filter>
    </ClInclude>
    <ClInclude Include="Pacman-Clone-master\Src\Entity\Enemy\Pinky.h">
      <Filter>Header Files</Filter>
    </ClInclude>
    <ClInclude Include="Pacman-Clone-master\Src\Entity\Pacman\Pacman.h">
      <Filter>Header Files</Filter>
    </ClInclude>
    <ClInclude Include="Pacman-Clone-master\Src\Entity\Snack\Snack.h">
      <Filter>Header Files</Filter>
    </ClInclude>
    <ClInclude Include="Pacman-Clone-master\Src\Entity\Entity.h">
      <Filter>Header Files</Filter>
    </ClInclude>
    <ClInclude Include="Pacman-Clone-master\Src\Pathfinding\Node.h">
      <Filter>Header Files</Filter>
    </ClInclude>
    <ClInclude Include="Pacman-Clone-master\Src\Pathfinding\Pathfinding.h">
      <Filter>Header Files</Filter>
    </ClInclude>
    <ClInclude Include="Pacman-Clone-master\Src\States\GameOverState\GameOverState.h">
      <Filter>Header Files</Filter>
    </ClInclude>
    <ClInclude Include="Pacman-Clone-master\Src\States\GameState\GameState.h">
      <Filter>Header Files</Filter>
    </ClInclude>
    <ClInclude Include="Pacman-Clone-master\Src\States\MainMenuState\MainMenuState.h">
      <Filter>Header Files</Filter>
    </ClInclude>
    <ClInclude Include="Pacman-Clone-master\Src\States\State.h">
      <Filter>Header Files</Filter>
    </ClInclude>
    <ClInclude Include="Pacman-Clone-master\Src\UI\Button.h">
      <Filter>Header Files</Filter>
    </ClInclude>
    <ClInclude Include="Pacman-Clone-master\Src\Common.h">
      <Filter>Header Files</Filter>
    </ClInclude>
    <ClInclude Include="Pacman-Clone-master\Src\GameManager.h">
      <Filter>Header Files</Filter>
    </ClInclude>
  </ItemGroup>
  <ItemGroup>
    <ClCompile Include="Pacman-Clone-master\Src\Animation\Animation.cpp">
      <Filter>Source Files</Filter>
    </ClCompile>
    <ClCompile Include="Pacman-Clone-master\Src\Animation\Animator.cpp">
      <Filter>Source Files</Filter>
    </ClCompile>
    <ClCompile Include="Pacman-Clone-master\Src\Audio\AudioManager.cpp">
      <Filter>Source Files</Filter>
    </ClCompile>
    <ClCompile Include="Pacman-Clone-master\Src\Debugger\Debug.cpp">
      <Filter>Source Files</Filter>
    </ClCompile>
    <ClCompile Include="Pacman-Clone-master\Src\Entity\Enemy\Blinky.cpp">
      <Filter>Source Files</Filter>
    </ClCompile>
    <ClCompile Include="Pacman-Clone-master\Src\Entity\Enemy\Clyde.cpp">
      <Filter>Source Files</Filter>
    </ClCompile>
    <ClCompile Include="Pacman-Clone-master\Src\Entity\Enemy\Enemy.cpp">
      <Filter>Source Files</Filter>
    </ClCompile>
    <ClCompile Include="Pacman-Clone-master\Src\Entity\Enemy\Inky.cpp">
      <Filter>Source Files</Filter>
    </ClCompile>
    <ClCompile Include="Pacman-Clone-master\Src\Entity\Enemy\Pinky.cpp">
      <Filter>Source Files</Filter>
    </ClCompile>
    <ClCompile Include="Pacman-Clone-master\Src\Entity\Pacman\Pacman.cpp">
      <Filter>Source Files</Filter>
    </ClCompile>
    <ClCompile Include="Pacman-Clone-master\Src\Entity\Snack\Snack.cpp">
      <Filter>Source Files</Filter>
    </ClCompile>
    <ClCompile Include="Pacman-Clone-master\Src\Entity\Entity.cpp">
      <Filter>Source Files</Filter>
    </ClCompile>
    <ClCompile Include="Pacman-Clone-master\Src\Pathfinding\Pathfinding.cpp">
      <Filter>Source Files</Filter>
    </ClCompile>
    <ClCompile Include="Pacman-Clone-master\Src\States\GameOverState\GameOverState.cpp">
      <Filter>Source Files</Filter>
    </ClCompile>
    <ClCompile Include="Pacman-Clone-master\Src\States\GameState\GameState.cpp">
      <Filter>Source Files</Filter>
    </ClCompile>
    <ClCompile Include="Pacman-Clone-master\Src\States\MainMenuState\MainMenuState.cpp">
      <Filter>Source Files</Filter>
    </ClCompile>
    <ClCompile Include="Pacman-Clone-master\Src\States\State.cpp">
      <Filter>Source Files</Filter>
    </ClCompile>
    <ClCompile Include="Pacman-Clone-master\Src\UI\Button.cpp">
      <Filter>Source Files</Filter>
    </ClCompile>
    <ClCompile Include="Pacman-Clone-master\Src\GameManager.cpp">
      <Filter>Source Files</Filter>
    </ClCompile>
    <ClCompile Include="Pacman-Clone-master\Src\main.cpp">
      <Filter>Source Files</Filter>
    </ClCompile>
  </ItemGroup>
</Project>